
Microsoft Visual Studio Solution File, Format Version 11.00
# Visual Studio 2010
Project("{FAE04EC0-301F-11D3-BF4B-00C04F79EFBC}") = "Hotal Managment Syatem", "Hotal Managment Syatem\Hotal Managment Syatem.csproj", "{1A01FE57-FD72-4CE3-852F-EEFC84D86F6A}"
EndProject
Project("{54435603-DBB4-11D2-8724-00A0C9A8B90C}") = "3.1.2", "3.1.2\3.1.2.vdproj", "{DF8F5FAD-D265-41A9-818B-53CF3E00A37E}"
EndProject
Global
	GlobalSection(SolutionConfigurationPlatforms) = preSolution
		Debug|x86 = Debug|x86
		Release|x86 = Release|x86
	EndGlobalSection
	GlobalSection(ProjectConfigurationPlatforms) = postSolution
		{1A01FE57-FD72-4CE3-852F-EEFC84D86F6A}.Debug|x86.ActiveCfg = Debug|x86
		{1A01FE57-FD72-4CE3-852F-EEFC84D86F6A}.Debug|x86.Build.0 = Debug|x86
		{1A01FE57-FD72-4CE3-852F-EEFC84D86F6A}.Release|x86.ActiveCfg = Release|x86
		{1A01FE57-FD72-4CE3-852F-EEFC84D86F6A}.Release|x86.Build.0 = Release|x86
		{DF8F5FAD-D265-41A9-818B-53CF3E00A37E}.Debug|x86.ActiveCfg = Debug
		{DF8F5FAD-D265-41A9-818B-53CF3E00A37E}.Release|x86.ActiveCfg = Release
	EndGlobalSection
	GlobalSection(SolutionProperties) = preSolution
		HideSolutionNode = FALSE
	EndGlobalSection
EndGlobal
